// !$*UTF8*$!
{
	archiveVersion = 1;
	classes = {
	};
	objectVersion = 50;
	objects = {

/* Begin PBXBuildFile section */
		E881E8C12404E5420066D160 /* SachinFrameworkTest.framework in Frameworks */ = {isa = PBXBuildFile; fileRef = E881E8B72404E5420066D160 /* SachinFrameworkTest.framework */; };
		E881E8C62404E5420066D160 /* SachinFrameworkTestTests.swift in Sources */ = {isa = PBXBuildFile; fileRef = E881E8C52404E5420066D160 /* SachinFrameworkTestTests.swift */; };
		E881E8C82404E5420066D160 /* SachinFrameworkTest.h in Headers */ = {isa = PBXBuildFile; fileRef = E881E8BA2404E5420066D160 /* SachinFrameworkTest.h */; settings = {ATTRIBUTES = (Public, ); }; };
		E881E8D22404E8C10066D160 /* MyData.swift in Sources */ = {isa = PBXBuildFile; fileRef = E881E8D12404E8C10066D160 /* MyData.swift */; };
/* End PBXBuildFile section */

/* Begin PBXContainerItemProxy section */
		E881E8C22404E5420066D160 /* PBXContainerItemProxy */ = {
			isa = PBXContainerItemProxy;
			containerPortal = E881E8AE2404E5420066D160 /* Project object */;
			proxyType = 1;
			remoteGlobalIDString = E881E8B62404E5420066D160;
			remoteInfo = SachinFrameworkTest;
		};
/* End PBXContainerItemProxy section */

/* Begin PBXFileReference section */
		E881E8B72404E5420066D160 /* SachinFrameworkTest.framework */ = {isa = PBXFileReference; explicitFileType = wrapper.framework; includeInIndex = 0; path = SachinFrameworkTest.framework; sourceTree = BUILT_PRODUCTS_DIR; };
		E881E8BA2404E5420066D160 /* SachinFrameworkTest.h */ = {isa = PBXFileReference; lastKnownFileType = sourcecode.c.h; path = SachinFrameworkTest.h; sourceTree = "<group>"; };
		E881E8BB2404E5420066D160 /* Info.plist */ = {isa = PBXFileReference; lastKnownFileType = text.plist.xml; path = Info.plist; sourceTree = "<group>"; };
		E881E8C02404E5420066D160 /* SachinFrameworkTestTests.xctest */ = {isa = PBXFileReference; explicitFileType = wrapper.cfbundle; includeInIndex = 0; path = SachinFrameworkTestTests.xctest; sourceTree = BUILT_PRODUCTS_DIR; };
		E881E8C52404E5420066D160 /* SachinFrameworkTestTests.swift */ = {isa = PBXFileReference; lastKnownFileType = sourcecode.swift; path = SachinFrameworkTestTests.swift; sourceTree = "<group>"; };
		E881E8C72404E5420066D160 /* Info.plist */ = {isa = PBXFileReference; lastKnownFileType = text.plist.xml; path = Info.plist; sourceTree = "<group>"; };
		E881E8D12404E8C10066D160 /* MyData.swift */ = {isa = PBXFileReference; lastKnownFileType = sourcecode.swift; path = MyData.swift; sourceTree = "<group>"; };
/* End PBXFileReference section */

/* Begin PBXFrameworksBuildPhase section */
		E881E8B42404E5420066D160 /* Frameworks */ = {
			isa = PBXFrameworksBuildPhase;
			buildActionMask = 2147483647;
			files = (
			);
			runOnlyForDeploymentPostprocessing = 0;
		};
		E881E8BD2404E5420066D160 /* Frameworks */ = {
			isa = PBXFrameworksBuildPhase;
			buildActionMask = 2147483647;
			files = (
				E881E8C12404E5420066D160 /* SachinFrameworkTest.framework in Frameworks */,
			);
			runOnlyForDeploymentPostprocessing = 0;
		};
/* End PBXFrameworksBuildPhase section */

/* Begin PBXGroup section */
		E881E8AD2404E5420066D160 = {
			isa = PBXGroup;
			children = (
				E881E8B92404E5420066D160 /* SachinFrameworkTest */,
				E881E8C42404E5420066D160 /* SachinFrameworkTestTests */,
				E881E8B82404E5420066D160 /* Products */,
			);
			sourceTree = "<group>";
		};
		E881E8B82404E5420066D160 /* Products */ = {
			isa = PBXGroup;
			children = (
				E881E8B72404E5420066D160 /* SachinFrameworkTest.framework */,
				E881E8C02404E5420066D160 /* SachinFrameworkTestTests.xctest */,
			);
			name = Products;
			sourceTree = "<group>";
		};
		E881E8B92404E5420066D160 /* SachinFrameworkTest */ = {
			isa = PBXGroup;
			children = (
				E881E8BA2404E5420066D160 /* SachinFrameworkTest.h */,
				E881E8BB2404E5420066D160 /* Info.plist */,
				E881E8D12404E8C10066D160 /* MyData.swift */,
			);
			path = SachinFrameworkTest;
			sourceTree = "<group>";
		};
		E881E8C42404E5420066D160 /* SachinFrameworkTestTests */ = {
			isa = PBXGroup;
			children = (
				E881E8C52404E5420066D160 /* SachinFrameworkTestTests.swift */,
				E881E8C72404E5420066D160 /* Info.plist */,
			);
			path = SachinFrameworkTestTests;
			sourceTree = "<group>";
		};
/* End PBXGroup section */

/* Begin PBXHeadersBuildPhase section */
		E881E8B22404E5420066D160 /* Headers */ = {
			isa = PBXHeadersBuildPhase;
			buildActionMask = 2147483647;
			files = (
				E881E8C82404E5420066D160 /* SachinFrameworkTest.h in Headers */,
			);
			runOnlyForDeploymentPostprocessing = 0;
		};
/* End PBXHeadersBuildPhase section */

/* Begin PBXNativeTarget section */
		E881E8B62404E5420066D160 /* SachinFrameworkTest */ = {
			isa = PBXNativeTarget;
			buildConfigurationList = E881E8CB2404E5420066D160 /* Build configuration list for PBXNativeTarget "SachinFrameworkTest" */;
			buildPhases = (
				E881E8B22404E5420066D160 /* Headers */,
				E881E8B32404E5420066D160 /* Sources */,
				E881E8B42404E5420066D160 /* Frameworks */,
				E881E8B52404E5420066D160 /* Resources */,
			);
			buildRules = (
			);
			dependencies = (
			);
			name = SachinFrameworkTest;
			productName = SachinFrameworkTest;
			productReference = E881E8B72404E5420066D160 /* SachinFrameworkTest.framework */;
			productType = "com.apple.product-type.framework";
		};
		E881E8BF2404E5420066D160 /* SachinFrameworkTestTests */ = {
			isa = PBXNativeTarget;
			buildConfigurationList = E881E8CE2404E5420066D160 /* Build configuration list for PBXNativeTarget "SachinFrameworkTestTests" */;
			buildPhases = (
				E881E8BC2404E5420066D160 /* Sources */,
				E881E8BD2404E5420066D160 /* Frameworks */,
				E881E8BE2404E5420066D160 /* Resources */,
			);
			buildRules = (
			);
			dependencies = (
				E881E8C32404E5420066D160 /* PBXTargetDependency */,
			);
			name = SachinFrameworkTestTests;
			productName = SachinFrameworkTestTests;
			productReference = E881E8C02404E5420066D160 /* SachinFrameworkTestTests.xctest */;
			productType = "com.apple.product-type.bundle.unit-test";
		};
/* End PBXNativeTarget section */

/* Begin PBXProject section */
		E881E8AE2404E5420066D160 /* Project object */ = {
			isa = PBXProject;
			attributes = {
				LastSwiftUpdateCheck = 1020;
				LastUpgradeCheck = 1020;
				ORGANIZATIONNAME = "sachin jain";
				TargetAttributes = {
					E881E8B62404E5420066D160 = {
						CreatedOnToolsVersion = 10.2.1;
						LastSwiftMigration = 1020;
					};
					E881E8BF2404E5420066D160 = {
						CreatedOnToolsVersion = 10.2.1;
					};
				};
			};
			buildConfigurationList = E881E8B12404E5420066D160 /* Build configuration list for PBXProject "SachinFrameworkTest" */;
			compatibilityVersion = "Xcode 9.3";
			developmentRegion = en;
			hasScannedForEncodings = 0;
			knownRegions = (
				en,
			);
			mainGroup = E881E8AD2404E5420066D160;
			productRefGroup = E881E8B82404E5420066D160 /* Products */;
			projectDirPath = "";
			projectRoot = "";
			targets = (
				E881E8B62404E5420066D160 /* SachinFrameworkTest */,
				E881E8BF2404E5420066D160 /* SachinFrameworkTestTests */,
			);
		};
/* End PBXProject section */

/* Begin PBXResourcesBuildPhase section */
		E881E8B52404E5420066D160 /* Resources */ = {
			isa = PBXResourcesBuildPhase;
			buildActionMask = 2147483647;
			files = (
			);
			runOnlyForDeploymentPostprocessing = 0;
		};
		E881E8BE2404E5420066D160 /* Resources */ = {
			isa = PBXResourcesBuildPhase;
			buildActionMask = 2147483647;
			files = (
			);
			runOnlyForDeploymentPostprocessing = 0;
		};
/* End PBXResourcesBuildPhase section */

/* Begin PBXSourcesBuildPhase section */
		E881E8B32404E5420066D160 /* Sources */ = {
			isa = PBXSourcesBuildPhase;
			buildActionMask = 2147483647;
			files = (
				E881E8D22404E8C10066D160 /* MyData.swift in Sources */,
			);
			runOnlyForDeploymentPostprocessing = 0;
		};
		E881E8BC2404E5420066D160 /* Sources */ = {
			isa = PBXSourcesBuildPhase;
			buildActionMask = 2147483647;
			files = (
				E881E8C62404E5420066D160 /* SachinFrameworkTestTests.swift in Sources */,
			);
			runOnlyForDeploymentPostprocessing = 0;
		};
/* End PBXSourcesBuildPhase section */

/* Begin PBXTargetDependency section */
		E881E8C32404E5420066D160 /* PBXTargetDependency */ = {
			isa = PBXTargetDependency;
			target = E881E8B62404E5420066D160 /* SachinFrameworkTest */;
			targetProxy = E881E8C22404E5420066D160 /* PBXContainerItemProxy */;
		};
/* End PBXTargetDependency section */

/* Begin XCBuildConfiguration section */
		E881E8C92404E5420066D160 /* Debug */ = {
			isa = XCBuildConfiguration;
			buildSettings = {
				ALWAYS_SEARCH_USER_PATHS = NO;
				CLANG_ANALYZER_NONNULL = YES;
				CLANG_ANALYZER_NUMBER_OBJECT_CONVERSION = YES_AGGRESSIVE;
				CLANG_CXX_LANGUAGE_STANDARD = "gnu++14";
				CLANG_CXX_LIBRARY = "libc++";
				CLANG_ENABLE_MODULES = YES;
				CLANG_ENABLE_OBJC_ARC = YES;
				CLANG_ENABLE_OBJC_WEAK = YES;
				CLANG_WARN_BLOCK_CAPTURE_AUTORELEASING = YES;
				CLANG_WARN_BOOL_CONVERSION = YES;
				CLANG_WARN_COMMA = YES;
				CLANG_WARN_CONSTANT_CONVERSION = YES;
				CLANG_WARN_DEPRECATED_OBJC_IMPLEMENTATIONS = YES;
				CLANG_WARN_DIRECT_OBJC_ISA_USAGE = YES_ERROR;
				CLANG_WARN_DOCUMENTATION_COMMENTS = YES;
				CLANG_WARN_EMPTY_BODY = YES;
				CLANG_WARN_ENUM_CONVERSION = YES;
				CLANG_WARN_INFINITE_RECURSION = YES;
				CLANG_WARN_INT_CONVERSION = YES;
				CLANG_WARN_NON_LITERAL_NULL_CONVERSION = YES;
				CLANG_WARN_OBJC_IMPLICIT_RETAIN_SELF = YES;
				CLANG_WARN_OBJC_LITERAL_CONVERSION = YES;
				CLANG_WARN_OBJC_ROOT_CLASS = YES_ERROR;
				CLANG_WARN_RANGE_LOOP_ANALYSIS = YES;
				CLANG_WARN_STRICT_PROTOTYPES = YES;
				CLANG_WARN_SUSPICIOUS_MOVE = YES;
				CLANG_WARN_UNGUARDED_AVAILABILITY = YES_AGGRESSIVE;
				CLANG_WARN_UNREACHABLE_CODE = YES;
				CLANG_WARN__DUPLICATE_METHOD_MATCH = YES;
				CODE_SIGN_IDENTITY = "iPhone Developer";
				COPY_PHASE_STRIP = NO;
				CURRENT_PROJECT_VERSION = 1;
				DEBUG_INFORMATION_FORMAT = dwarf;
				ENABLE_STRICT_OBJC_MSGSEND = YES;
				ENABLE_TESTABILITY = YES;
				GCC_C_LANGUAGE_STANDARD = gnu11;
				GCC_DYNAMIC_NO_PIC = NO;
				GCC_NO_COMMON_BLOCKS = YES;
				GCC_OPTIMIZATION_LEVEL = 0;
				GCC_PREPROCESSOR_DEFINITIONS = (
					"DEBUG=1",
					"$(inherited)",
				);
				GCC_WARN_64_TO_32_BIT_CONVERSION = YES;
				GCC_WARN_ABOUT_RETURN_TYPE = YES_ERROR;
				GCC_WARN_UNDECLARED_SELECTOR = YES;
				GCC_WARN_UNINITIALIZED_AUTOS = YES_AGGRESSIVE;
				GCC_WARN_UNUSED_FUNCTION = YES;
				GCC_WARN_UNUSED_VARIABLE = YES;
				IPHONEOS_DEPLOYMENT_TARGET = 12.2;
				MTL_ENABLE_DEBUG_INFO = INCLUDE_SOURCE;
				MTL_FAST_MATH = YES;
				ONLY_ACTIVE_ARCH = YES;
				SDKROOT = iphoneos;
				SWIFT_ACTIVE_COMPILATION_CONDITIONS = DEBUG;
				SWIFT_OPTIMIZATION_LEVEL = "-Onone";
				VERSIONING_SYSTEM = "apple-generic";
				VERSION_INFO_PREFIX = "";
			};
			name = Debug;
		};
		E881E8CA2404E5420066D160 /* Release */ = {
			isa = XCBuildConfiguration;
			buildSettings = {
				ALWAYS_SEARCH_USER_PATHS = NO;
				CLANG_ANALYZER_NONNULL = YES;
				CLANG_ANALYZER_NUMBER_OBJECT_CONVERSION = YES_AGGRESSIVE;
				CLANG_CXX_LANGUAGE_STANDARD = "gnu++14";
				CLANG_CXX_LIBRARY = "libc++";
				CLANG_ENABLE_MODULES = YES;
				CLANG_ENABLE_OBJC_ARC = YES;
				CLANG_ENABLE_OBJC_WEAK = YES;
				CLANG_WARN_BLOCK_CAPTURE_AUTORELEASING = YES;
				CLANG_WARN_BOOL_CONVERSION = YES;
				CLANG_WARN_COMMA = YES;
				CLANG_WARN_CONSTANT_CONVERSION = YES;
				CLANG_WARN_DEPRECATED_OBJC_IMPLEMENTATIONS = YES;
				CLANG_WARN_DIRECT_OBJC_ISA_USAGE = YES_ERROR;
				CLANG_WARN_DOCUMENTATION_COMMENTS = YES;
				CLANG_WARN_EMPTY_BODY = YES;
				CLANG_WARN_ENUM_CONVERSION = YES;
				CLANG_WARN_INFINITE_RECURSION = YES;
				CLANG_WARN_INT_CONVERSION = YES;
				CLANG_WARN_NON_LITERAL_NULL_CONVERSION = YES;
				CLANG_WARN_OBJC_IMPLICIT_RETAIN_SELF = YES;
				CLANG_WARN_OBJC_LITERAL_CONVERSION = YES;
				CLANG_WARN_OBJC_ROOT_CLASS = YES_ERROR;
				CLANG_WARN_RANGE_LOOP_ANALYSIS = YES;
				CLANG_WARN_STRICT_PROTOTYPES = YES;
				CLANG_WARN_SUSPICIOUS_MOVE = YES;
				CLANG_WARN_UNGUARDED_AVAILABILITY = YES_AGGRESSIVE;
				CLANG_WARN_UNREACHABLE_CODE = YES;
				CLANG_WARN__DUPLICATE_METHOD_MATCH = YES;
				CODE_SIGN_IDENTITY = "iPhone Developer";
				COPY_PHASE_STRIP = NO;
				CURRENT_PROJECT_VERSION = 1;
				DEBUG_INFORMATION_FORMAT = "dwarf-with-dsym";
				ENABLE_NS_ASSERTIONS = NO;
				ENABLE_STRICT_OBJC_MSGSEND = YES;
				GCC_C_LANGUAGE_STANDARD = gnu11;
				GCC_NO_COMMON_BLOCKS = YES;
				GCC_WARN_64_TO_32_BIT_CONVERSION = YES;
				GCC_WARN_ABOUT_RETURN_TYPE = YES_ERROR;
				GCC_WARN_UNDECLARED_SELECTOR = YES;
				GCC_WARN_UNINITIALIZED_AUTOS = YES_AGGRESSIVE;
				GCC_WARN_UNUSED_FUNCTION = YES;
				GCC_WARN_UNUSED_VARIABLE = YES;
				IPHONEOS_DEPLOYMENT_TARGET = 12.2;
				MTL_ENABLE_DEBUG_INFO = NO;
				MTL_FAST_MATH = YES;
				SDKROOT = iphoneos;
				SWIFT_COMPILATION_MODE = wholemodule;
				SWIFT_OPTIMIZATION_LEVEL = "-O";
				VALIDATE_PRODUCT = YES;
				VERSIONING_SYSTEM = "apple-generic";
				VERSION_INFO_PREFIX = "";
			};
			name = Release;
		};
		E881E8CC2404E5420066D160 /* Debug */ = {
			isa = XCBuildConfiguration;
			buildSettings = {
				CLANG_ENABLE_MODULES = YES;
				CODE_SIGN_IDENTITY = "";
				CODE_SIGN_STYLE = Automatic;
				DEFINES_MODULE = YES;
				DYLIB_COMPATIBILITY_VERSION = 1;
				DYLIB_CURRENT_VERSION = 1;
				DYLIB_INSTALL_NAME_BASE = "@rpath";
				INFOPLIST_FILE = SachinFrameworkTest/Info.plist;
				INSTALL_PATH = "$(LOCAL_LIBRARY_DIR)/Frameworks";
				LD_RUNPATH_SEARCH_PATHS = (
					"$(inherited)",
					"@executable_path/Frameworks",
					"@loader_path/Frameworks",
				);
				PRODUCT_BUNDLE_IDENTIFIER = com.ebabu.SachinFrameworkTest;
				PRODUCT_NAME = "$(TARGET_NAME:c99extidentifier)";
				SKIP_INSTALL = YES;
				SWIFT_OPTIMIZATION_LEVEL = "-Onone";
				SWIFT_VERSION = 5.0;
				TARGETED_DEVICE_FAMILY = "1,2";
			};
			name = Debug;
		};
		E881E8CD2404E5420066D160 /* Release */ = {
			isa = XCBuildConfiguration;
			buildSettings = {
				CLANG_ENABLE_MODULES = YES;
				CODE_SIGN_IDENTITY = "";
				CODE_SIGN_STYLE = Automatic;
				DEFINES_MODULE = YES;
				DYLIB_COMPATIBILITY_VERSION = 1;
				DYLIB_CURRENT_VERSION = 1;
				DYLIB_INSTALL_NAME_BASE = "@rpath";
				INFOPLIST_FILE = SachinFrameworkTest/Info.plist;
				INSTALL_PATH = "$(LOCAL_LIBRARY_DIR)/Frameworks";
				LD_RUNPATH_SEARCH_PATHS = (
					"$(inherited)",
					"@executable_path/Frameworks",
					"@loader_path/Frameworks",
				);
				PRODUCT_BUNDLE_IDENTIFIER = com.ebabu.SachinFrameworkTest;
				PRODUCT_NAME = "$(TARGET_NAME:c99extidentifier)";
				SKIP_INSTALL = YES;
				SWIFT_VERSION = 5.0;
				TARGETED_DEVICE_FAMILY = "1,2";
			};
			name = Release;
		};
		E881E8CF2404E5420066D160 /* Debug */ = {
			isa = XCBuildConfiguration;
			buildSettings = {
				ALWAYS_EMBED_SWIFT_STANDARD_LIBRARIES = YES;
				CODE_SIGN_STYLE = Automatic;
				INFOPLIST_FILE = SachinFrameworkTestTests/Info.plist;
				LD_RUNPATH_SEARCH_PATHS = (
					"$(inherited)",
					"@executable_path/Frameworks",
					"@loader_path/Frameworks",
				);
				PRODUCT_BUNDLE_IDENTIFIER = com.ebabu.SachinFrameworkTestTests;
				PRODUCT_NAME = "$(TARGET_NAME)";
				SWIFT_VERSION = 5.0;
				TARGETED_DEVICE_FAMILY = "1,2";
			};
			name = Debug;
		};
		E881E8D02404E5420066D160 /* Release */ = {
			isa = XCBuildConfiguration;
			buildSettings = {
				ALWAYS_EMBED_SWIFT_STANDARD_LIBRARIES = YES;
				CODE_SIGN_STYLE = Automatic;
				INFOPLIST_FILE = SachinFrameworkTestTests/Info.plist;
				LD_RUNPATH_SEARCH_PATHS = (
					"$(inherited)",
					"@executable_path/Frameworks",
					"@loader_path/Frameworks",
				);
				PRODUCT_BUNDLE_IDENTIFIER = com.ebabu.SachinFrameworkTestTests;
				PRODUCT_NAME = "$(TARGET_NAME)";
				SWIFT_VERSION = 5.0;
				TARGETED_DEVICE_FAMILY = "1,2";
			};
			name = Release;
		};
/* End XCBuildConfiguration section */

/* Begin XCConfigurationList section */
		E881E8B12404E5420066D160 /* Build configuration list for PBXProject "SachinFrameworkTest" */ = {
			isa = XCConfigurationList;
			buildConfigurations = (
				E881E8C92404E5420066D160 /* Debug */,
				E881E8CA2404E5420066D160 /* Release */,
			);
			defaultConfigurationIsVisible = 0;
			defaultConfigurationName = Release;
		};
		E881E8CB2404E5420066D160 /* Build configuration list for PBXNativeTarget "SachinFrameworkTest" */ = {
			isa = XCConfigurationList;
			buildConfigurations = (
				E881E8CC2404E5420066D160 /* Debug */,
				E881E8CD2404E5420066D160 /* Release */,
			);
			defaultConfigurationIsVisible = 0;
			defaultConfigurationName = Release;
		};
		E881E8CE2404E5420066D160 /* Build configuration list for PBXNativeTarget "SachinFrameworkTestTests" */ = {
			isa = XCConfigurationList;
			buildConfigurations = (
				E881E8CF2404E5420066D160 /* Debug */,
				E881E8D02404E5420066D160 /* Release */,
			);
			defaultConfigurationIsVisible = 0;
			defaultConfigurationName = Release;
		};
/* End XCConfigurationList section */
	};
	rootObject = E881E8AE2404E5420066D160 /* Project object */;
}
